
Microsoft Visual Studio Solution File, Format Version 12.00
# Visual Studio 15
VisualStudioVersion = 15.0.27004.2009
MinimumVisualStudioVersion = 10.0.40219.1
Project("{9A19103F-16F7-4668-BE54-9A1E7A4F7556}") = "OpenBudget.Model", "OpenBudget.Model\OpenBudget.Model.csproj", "{16D74F94-F741-4CE4-9D8F-8DD343EE29BB}"
EndProject
Project("{9A19103F-16F7-4668-BE54-9A1E7A4F7556}") = "OpenBudget.Model.SQLite", "OpenBudget.Model.SQLite\OpenBudget.Model.SQLite.csproj", "{214483CD-89D7-40D2-A0E7-6B088A8ED2C4}"
EndProject
Project("{FAE04EC0-301F-11D3-BF4B-00C04F79EFBC}") = "OpenBudget.Model.Tests", "OpenBudget.Model.Tests\OpenBudget.Model.Tests.csproj", "{36FA9935-D224-4F78-9728-877D22DC4851}"
EndProject
Project("{9A19103F-16F7-4668-BE54-9A1E7A4F7556}") = "OpenBudget.Application", "OpenBudget.Application\OpenBudget.Application.csproj", "{6E4482B6-2FF2-471D-8CD6-745BE18EE74C}"
EndProject
Project("{FAE04EC0-301F-11D3-BF4B-00C04F79EFBC}") = "OpenBudget.Presentation.Windows", "OpenBudget.Presentation.Windows\OpenBudget.Presentation.Windows.csproj", "{FBA66430-F55B-4897-9670-24AF969D731F}"
EndProject
Global
	GlobalSection(SolutionConfigurationPlatforms) = preSolution
		Debug|Any CPU = Debug|Any CPU
		Release|Any CPU = Release|Any CPU
	EndGlobalSection
	GlobalSection(ProjectConfigurationPlatforms) = postSolution
		{16D74F94-F741-4CE4-9D8F-8DD343EE29BB}.Debug|Any CPU.ActiveCfg = Debug|Any CPU
		{16D74F94-F741-4CE4-9D8F-8DD343EE29BB}.Debug|Any CPU.Build.0 = Debug|Any CPU
		{16D74F94-F741-4CE4-9D8F-8DD343EE29BB}.Release|Any CPU.ActiveCfg = Release|Any CPU
		{16D74F94-F741-4CE4-9D8F-8DD343EE29BB}.Release|Any CPU.Build.0 = Release|Any CPU
		{214483CD-89D7-40D2-A0E7-6B088A8ED2C4}.Debug|Any CPU.ActiveCfg = Debug|Any CPU
		{214483CD-89D7-40D2-A0E7-6B088A8ED2C4}.Debug|Any CPU.Build.0 = Debug|Any CPU
		{214483CD-89D7-40D2-A0E7-6B088A8ED2C4}.Release|Any CPU.ActiveCfg = Release|Any CPU
		{214483CD-89D7-40D2-A0E7-6B088A8ED2C4}.Release|Any CPU.Build.0 = Release|Any CPU
		{36FA9935-D224-4F78-9728-877D22DC4851}.Debug|Any CPU.ActiveCfg = Debug|Any CPU
		{36FA9935-D224-4F78-9728-877D22DC4851}.Debug|Any CPU.Build.0 = Debug|Any CPU
		{36FA9935-D224-4F78-9728-877D22DC4851}.Release|Any CPU.ActiveCfg = Release|Any CPU
		{36FA9935-D224-4F78-9728-877D22DC4851}.Release|Any CPU.Build.0 = Release|Any CPU
		{6E4482B6-2FF2-471D-8CD6-745BE18EE74C}.Debug|Any CPU.ActiveCfg = Debug|Any CPU
		{6E4482B6-2FF2-471D-8CD6-745BE18EE74C}.Debug|Any CPU.Build.0 = Debug|Any CPU
		{6E4482B6-2FF2-471D-8CD6-745BE18EE74C}.Release|Any CPU.ActiveCfg = Release|Any CPU
		{6E4482B6-2FF2-471D-8CD6-745BE18EE74C}.Release|Any CPU.Build.0 = Release|Any CPU
		{FBA66430-F55B-4897-9670-24AF969D731F}.Debug|Any CPU.ActiveCfg = Debug|Any CPU
		{FBA66430-F55B-4897-9670-24AF969D731F}.Debug|Any CPU.Build.0 = Debug|Any CPU
		{FBA66430-F55B-4897-9670-24AF969D731F}.Release|Any CPU.ActiveCfg = Release|Any CPU
		{FBA66430-F55B-4897-9670-24AF969D731F}.Release|Any CPU.Build.0 = Release|Any CPU
	EndGlobalSection
	GlobalSection(SolutionProperties) = preSolution
		HideSolutionNode = FALSE
	EndGlobalSection
	GlobalSection(ExtensibilityGlobals) = postSolution
		SolutionGuid = {9936DB8C-5EF9-4AF1-8D36-4595CDCCCB5A}
	EndGlobalSection
EndGlobal
